// !$*UTF8*$!
{
	archiveVersion = 1;
	classes = {
	};
	objectVersion = 50;
	objects = {

/* Begin PBXBuildFile section */
		B4060FB320E5B29500724D48 /* AppDelegate.swift in Sources */ = {isa = PBXBuildFile; fileRef = B4060FB220E5B29500724D48 /* AppDelegate.swift */; };
		B4060FB820E5B29500724D48 /* Main.storyboard in Resources */ = {isa = PBXBuildFile; fileRef = B4060FB620E5B29500724D48 /* Main.storyboard */; };
		B4060FBA20E5B29700724D48 /* Assets.xcassets in Resources */ = {isa = PBXBuildFile; fileRef = B4060FB920E5B29700724D48 /* Assets.xcassets */; };
		B4060FBD20E5B29700724D48 /* LaunchScreen.storyboard in Resources */ = {isa = PBXBuildFile; fileRef = B4060FBB20E5B29700724D48 /* LaunchScreen.storyboard */; };
		B4060FC820E5B30300724D48 /* homeVC.swift in Sources */ = {isa = PBXBuildFile; fileRef = B4060FC720E5B30300724D48 /* homeVC.swift */; };
		B4060FCA20E5B69600724D48 /* login_RegisterVC.swift in Sources */ = {isa = PBXBuildFile; fileRef = B4060FC920E5B69600724D48 /* login_RegisterVC.swift */; };
		B4060FCC20E5B8B400724D48 /* ContainerViewWithShadow.swift in Sources */ = {isa = PBXBuildFile; fileRef = B4060FCB20E5B8B400724D48 /* ContainerViewWithShadow.swift */; };
		B4060FCE20E5BFAD00724D48 /* roundedProfileView.swift in Sources */ = {isa = PBXBuildFile; fileRef = B4060FCD20E5BFAD00724D48 /* roundedProfileView.swift */; };
		B407B8F120EE864500FA6D54 /* GoogleService-Info.plist in Resources */ = {isa = PBXBuildFile; fileRef = B407B8F020EE864500FA6D54 /* GoogleService-Info.plist */; };
		B454594620EE894300727A12 /* Dataservice.swift in Sources */ = {isa = PBXBuildFile; fileRef = B454594520EE894300727A12 /* Dataservice.swift */; };
		B454594A20EE8C7A00727A12 /* Constants.swift in Sources */ = {isa = PBXBuildFile; fileRef = B454594920EE8C7A00727A12 /* Constants.swift */; };
		B454594C20EEA6D300727A12 /* Users.swift in Sources */ = {isa = PBXBuildFile; fileRef = B454594B20EEA6D300727A12 /* Users.swift */; };
		B454595120EEAB4200727A12 /* homeCell.swift in Sources */ = {isa = PBXBuildFile; fileRef = B454595020EEAB4200727A12 /* homeCell.swift */; };
		B454595320EEAE4100727A12 /* newMessageController.swift in Sources */ = {isa = PBXBuildFile; fileRef = B454595220EEAE4100727A12 /* newMessageController.swift */; };
		B454595520EEDC3200727A12 /* StorageService.swift in Sources */ = {isa = PBXBuildFile; fileRef = B454595420EEDC3200727A12 /* StorageService.swift */; };
		B48666E520F229FA00355B68 /* FeedVC.swift in Sources */ = {isa = PBXBuildFile; fileRef = B48666E420F229FA00355B68 /* FeedVC.swift */; };
		B48666E720F22E0300355B68 /* messageCell.swift in Sources */ = {isa = PBXBuildFile; fileRef = B48666E620F22E0300355B68 /* messageCell.swift */; };
		B48666E920F22E3400355B68 /* roundedShadowViewForCells.swift in Sources */ = {isa = PBXBuildFile; fileRef = B48666E820F22E3400355B68 /* roundedShadowViewForCells.swift */; };
		B48666EB20F235B400355B68 /* Message.swift in Sources */ = {isa = PBXBuildFile; fileRef = B48666EA20F235B400355B68 /* Message.swift */; };
		E785B18DF9B6A8EA62324898 /* Pods_TapChat.framework in Frameworks */ = {isa = PBXBuildFile; fileRef = C54573AE1681B8FB45E1CB14 /* Pods_TapChat.framework */; };
/* End PBXBuildFile section */

/* Begin PBXFileReference section */
		5A570D114C80DEC86F004B45 /* Pods-TapChat.debug.xcconfig */ = {isa = PBXFileReference; includeInIndex = 1; lastKnownFileType = text.xcconfig; name = "Pods-TapChat.debug.xcconfig"; path = "Pods/Target Support Files/Pods-TapChat/Pods-TapChat.debug.xcconfig"; sourceTree = "<group>"; };
		6CC8B3292996B9A3C565D4BD /* Pods-TapChat.release.xcconfig */ = {isa = PBXFileReference; includeInIndex = 1; lastKnownFileType = text.xcconfig; name = "Pods-TapChat.release.xcconfig"; path = "Pods/Target Support Files/Pods-TapChat/Pods-TapChat.release.xcconfig"; sourceTree = "<group>"; };
		B4060FAF20E5B29500724D48 /* TapChat.app */ = {isa = PBXFileReference; explicitFileType = wrapper.application; includeInIndex = 0; path = TapChat.app; sourceTree = BUILT_PRODUCTS_DIR; };
		B4060FB220E5B29500724D48 /* AppDelegate.swift */ = {isa = PBXFileReference; lastKnownFileType = sourcecode.swift; path = AppDelegate.swift; sourceTree = "<group>"; };
		B4060FB720E5B29500724D48 /* Base */ = {isa = PBXFileReference; lastKnownFileType = file.storyboard; name = Base; path = Base.lproj/Main.storyboard; sourceTree = "<group>"; };
		B4060FB920E5B29700724D48 /* Assets.xcassets */ = {isa = PBXFileReference; lastKnownFileType = folder.assetcatalog; path = Assets.xcassets; sourceTree = "<group>"; };
		B4060FBC20E5B29700724D48 /* Base */ = {isa = PBXFileReference; lastKnownFileType = file.storyboard; name = Base; path = Base.lproj/LaunchScreen.storyboard; sourceTree = "<group>"; };
		B4060FBE20E5B29700724D48 /* Info.plist */ = {isa = PBXFileReference; lastKnownFileType = text.plist.xml; path = Info.plist; sourceTree = "<group>"; };
		B4060FC720E5B30300724D48 /* homeVC.swift */ = {isa = PBXFileReference; lastKnownFileType = sourcecode.swift; path = homeVC.swift; sourceTree = "<group>"; };
		B4060FC920E5B69600724D48 /* login_RegisterVC.swift */ = {isa = PBXFileReference; lastKnownFileType = sourcecode.swift; path = login_RegisterVC.swift; sourceTree = "<group>"; };
		B4060FCB20E5B8B400724D48 /* ContainerViewWithShadow.swift */ = {isa = PBXFileReference; lastKnownFileType = sourcecode.swift; path = ContainerViewWithShadow.swift; sourceTree = "<group>"; };
		B4060FCD20E5BFAD00724D48 /* roundedProfileView.swift */ = {isa = PBXFileReference; lastKnownFileType = sourcecode.swift; path = roundedProfileView.swift; sourceTree = "<group>"; };
		B407B8F020EE864500FA6D54 /* GoogleService-Info.plist */ = {isa = PBXFileReference; fileEncoding = 4; lastKnownFileType = text.plist.xml; path = "GoogleService-Info.plist"; sourceTree = "<group>"; };
		B454594520EE894300727A12 /* Dataservice.swift */ = {isa = PBXFileReference; lastKnownFileType = sourcecode.swift; path = Dataservice.swift; sourceTree = "<group>"; };
		B454594920EE8C7A00727A12 /* Constants.swift */ = {isa = PBXFileReference; lastKnownFileType = sourcecode.swift; path = Constants.swift; sourceTree = "<group>"; };
		B454594B20EEA6D300727A12 /* Users.swift */ = {isa = PBXFileReference; lastKnownFileType = sourcecode.swift; path = Users.swift; sourceTree = "<group>"; };
		B454595020EEAB4200727A12 /* homeCell.swift */ = {isa = PBXFileReference; lastKnownFileType = sourcecode.swift; path = homeCell.swift; sourceTree = "<group>"; };
		B454595220EEAE4100727A12 /* newMessageController.swift */ = {isa = PBXFileReference; lastKnownFileType = sourcecode.swift; path = newMessageController.swift; sourceTree = "<group>"; };
		B454595420EEDC3200727A12 /* StorageService.swift */ = {isa = PBXFileReference; lastKnownFileType = sourcecode.swift; path = StorageService.swift; sourceTree = "<group>"; };
		B48666E420F229FA00355B68 /* FeedVC.swift */ = {isa = PBXFileReference; lastKnownFileType = sourcecode.swift; path = FeedVC.swift; sourceTree = "<group>"; };
		B48666E620F22E0300355B68 /* messageCell.swift */ = {isa = PBXFileReference; lastKnownFileType = sourcecode.swift; path = messageCell.swift; sourceTree = "<group>"; };
		B48666E820F22E3400355B68 /* roundedShadowViewForCells.swift */ = {isa = PBXFileReference; lastKnownFileType = sourcecode.swift; path = roundedShadowViewForCells.swift; sourceTree = "<group>"; };
		B48666EA20F235B400355B68 /* Message.swift */ = {isa = PBXFileReference; lastKnownFileType = sourcecode.swift; path = Message.swift; sourceTree = "<group>"; };
		C54573AE1681B8FB45E1CB14 /* Pods_TapChat.framework */ = {isa = PBXFileReference; explicitFileType = wrapper.framework; includeInIndex = 0; path = Pods_TapChat.framework; sourceTree = BUILT_PRODUCTS_DIR; };
/* End PBXFileReference section */

/* Begin PBXFrameworksBuildPhase section */
		B4060FAC20E5B29500724D48 /* Frameworks */ = {
			isa = PBXFrameworksBuildPhase;
			buildActionMask = 2147483647;
			files = (
				E785B18DF9B6A8EA62324898 /* Pods_TapChat.framework in Frameworks */,
			);
			runOnlyForDeploymentPostprocessing = 0;
		};
/* End PBXFrameworksBuildPhase section */

/* Begin PBXGroup section */
		8B2B5F765B64A90E12A3E73E /* Frameworks */ = {
			isa = PBXGroup;
			children = (
				C54573AE1681B8FB45E1CB14 /* Pods_TapChat.framework */,
			);
			name = Frameworks;
			sourceTree = "<group>";
		};
		8EB48C3C38CF9E3C8D938E40 /* Pods */ = {
			isa = PBXGroup;
			children = (
				5A570D114C80DEC86F004B45 /* Pods-TapChat.debug.xcconfig */,
				6CC8B3292996B9A3C565D4BD /* Pods-TapChat.release.xcconfig */,
			);
			name = Pods;
			sourceTree = "<group>";
		};
		B4060FA620E5B29500724D48 = {
			isa = PBXGroup;
			children = (
				B4060FB120E5B29500724D48 /* TapChat */,
				B4060FB020E5B29500724D48 /* Products */,
				8EB48C3C38CF9E3C8D938E40 /* Pods */,
				8B2B5F765B64A90E12A3E73E /* Frameworks */,
			);
			sourceTree = "<group>";
		};
		B4060FB020E5B29500724D48 /* Products */ = {
			isa = PBXGroup;
			children = (
				B4060FAF20E5B29500724D48 /* TapChat.app */,
			);
			name = Products;
			sourceTree = "<group>";
		};
		B4060FB120E5B29500724D48 /* TapChat */ = {
			isa = PBXGroup;
			children = (
				B454594D20EEA9C100727A12 /* Extensions */,
				B454594420EE893200727A12 /* Services */,
				B4060FC620E5B2E500724D48 /* Model */,
				B4060FC520E5B2DF00724D48 /* View */,
				B4060FC420E5B2D800724D48 /* Controller */,
				B4060FB220E5B29500724D48 /* AppDelegate.swift */,
				B4060FB620E5B29500724D48 /* Main.storyboard */,
				B4060FB920E5B29700724D48 /* Assets.xcassets */,
				B4060FBB20E5B29700724D48 /* LaunchScreen.storyboard */,
				B4060FBE20E5B29700724D48 /* Info.plist */,
				B407B8F020EE864500FA6D54 /* GoogleService-Info.plist */,
			);
			path = TapChat;
			sourceTree = "<group>";
		};
		B4060FC420E5B2D800724D48 /* Controller */ = {
			isa = PBXGroup;
			children = (
				B4060FC720E5B30300724D48 /* homeVC.swift */,
				B4060FC920E5B69600724D48 /* login_RegisterVC.swift */,
				B454595220EEAE4100727A12 /* newMessageController.swift */,
				B48666E420F229FA00355B68 /* FeedVC.swift */,
			);
			path = Controller;
			sourceTree = "<group>";
		};
		B4060FC520E5B2DF00724D48 /* View */ = {
			isa = PBXGroup;
			children = (
				B4060FCB20E5B8B400724D48 /* ContainerViewWithShadow.swift */,
				B4060FCD20E5BFAD00724D48 /* roundedProfileView.swift */,
				B454595020EEAB4200727A12 /* homeCell.swift */,
				B48666E620F22E0300355B68 /* messageCell.swift */,
				B48666E820F22E3400355B68 /* roundedShadowViewForCells.swift */,
			);
			path = View;
			sourceTree = "<group>";
		};
		B4060FC620E5B2E500724D48 /* Model */ = {
			isa = PBXGroup;
			children = (
				B454594B20EEA6D300727A12 /* Users.swift */,
				B48666EA20F235B400355B68 /* Message.swift */,
			);
			path = Model;
			sourceTree = "<group>";
		};
		B454594420EE893200727A12 /* Services */ = {
			isa = PBXGroup;
			children = (
				B454594520EE894300727A12 /* Dataservice.swift */,
				B454594920EE8C7A00727A12 /* Constants.swift */,
				B454595420EEDC3200727A12 /* StorageService.swift */,
			);
			path = Services;
			sourceTree = "<group>";
		};
		B454594D20EEA9C100727A12 /* Extensions */ = {
			isa = PBXGroup;
			children = (
			);
			path = Extensions;
			sourceTree = "<group>";
		};
/* End PBXGroup section */

/* Begin PBXNativeTarget section */
		B4060FAE20E5B29500724D48 /* TapChat */ = {
			isa = PBXNativeTarget;
			buildConfigurationList = B4060FC120E5B29700724D48 /* Build configuration list for PBXNativeTarget "TapChat" */;
			buildPhases = (
				1BE59BA8482CA46509771C0A /* [CP] Check Pods Manifest.lock */,
				B4060FAB20E5B29500724D48 /* Sources */,
				B4060FAC20E5B29500724D48 /* Frameworks */,
				B4060FAD20E5B29500724D48 /* Resources */,
				E82B6405DB6937B6EF14A56C /* [CP] Embed Pods Frameworks */,
			);
			buildRules = (
			);
			dependencies = (
			);
			name = TapChat;
			productName = TapChat;
			productReference = B4060FAF20E5B29500724D48 /* TapChat.app */;
			productType = "com.apple.product-type.application";
		};
/* End PBXNativeTarget section */

/* Begin PBXProject section */
		B4060FA720E5B29500724D48 /* Project object */ = {
			isa = PBXProject;
			attributes = {
				LastSwiftUpdateCheck = 0940;
				LastUpgradeCheck = 0940;
				ORGANIZATIONNAME = "Berkat Bhatti ";
				TargetAttributes = {
					B4060FAE20E5B29500724D48 = {
						CreatedOnToolsVersion = 9.4.1;
					};
				};
			};
			buildConfigurationList = B4060FAA20E5B29500724D48 /* Build configuration list for PBXProject "TapChat" */;
			compatibilityVersion = "Xcode 9.3";
			developmentRegion = en;
			hasScannedForEncodings = 0;
			knownRegions = (
				en,
				Base,
			);
			mainGroup = B4060FA620E5B29500724D48;
			productRefGroup = B4060FB020E5B29500724D48 /* Products */;
			projectDirPath = "";
			projectRoot = "";
			targets = (
				B4060FAE20E5B29500724D48 /* TapChat */,
			);
		};
/* End PBXProject section */

/* Begin PBXResourcesBuildPhase section */
		B4060FAD20E5B29500724D48 /* Resources */ = {
			isa = PBXResourcesBuildPhase;
			buildActionMask = 2147483647;
			files = (
				B4060FBD20E5B29700724D48 /* LaunchScreen.storyboard in Resources */,
				B407B8F120EE864500FA6D54 /* GoogleService-Info.plist in Resources */,
				B4060FBA20E5B29700724D48 /* Assets.xcassets in Resources */,
				B4060FB820E5B29500724D48 /* Main.storyboard in Resources */,
			);
			runOnlyForDeploymentPostprocessing = 0;
		};
/* End PBXResourcesBuildPhase section */

/* Begin PBXShellScriptBuildPhase section */
		1BE59BA8482CA46509771C0A /* [CP] Check Pods Manifest.lock */ = {
			isa = PBXShellScriptBuildPhase;
			buildActionMask = 2147483647;
			files = (
			);
			inputPaths = (
				"${PODS_PODFILE_DIR_PATH}/Podfile.lock",
				"${PODS_ROOT}/Manifest.lock",
			);
			name = "[CP] Check Pods Manifest.lock";
			outputPaths = (
				"$(DERIVED_FILE_DIR)/Pods-TapChat-checkManifestLockResult.txt",
			);
			runOnlyForDeploymentPostprocessing = 0;
			shellPath = /bin/sh;
			shellScript = "diff \"${PODS_PODFILE_DIR_PATH}/Podfile.lock\" \"${PODS_ROOT}/Manifest.lock\" > /dev/null\nif [ $? != 0 ] ; then\n    # print error to STDERR\n    echo \"error: The sandbox is not in sync with the Podfile.lock. Run 'pod install' or update your CocoaPods installation.\" >&2\n    exit 1\nfi\n# This output is used by Xcode 'outputs' to avoid re-running this script phase.\necho \"SUCCESS\" > \"${SCRIPT_OUTPUT_FILE_0}\"\n";
			showEnvVarsInLog = 0;
		};
		E82B6405DB6937B6EF14A56C /* [CP] Embed Pods Frameworks */ = {
			isa = PBXShellScriptBuildPhase;
			buildActionMask = 2147483647;
			files = (
			);
			inputPaths = (
				"${SRCROOT}/Pods/Target Support Files/Pods-TapChat/Pods-TapChat-frameworks.sh",
				"${BUILT_PRODUCTS_DIR}/GTMSessionFetcher/GTMSessionFetcher.framework",
				"${BUILT_PRODUCTS_DIR}/GoogleToolboxForMac/GoogleToolboxForMac.framework",
				"${BUILT_PRODUCTS_DIR}/SDWebImage/SDWebImage.framework",
				"${BUILT_PRODUCTS_DIR}/leveldb-library/leveldb.framework",
				"${BUILT_PRODUCTS_DIR}/nanopb/nanopb.framework",
			);
			name = "[CP] Embed Pods Frameworks";
			outputPaths = (
				"${TARGET_BUILD_DIR}/${FRAMEWORKS_FOLDER_PATH}/GTMSessionFetcher.framework",
				"${TARGET_BUILD_DIR}/${FRAMEWORKS_FOLDER_PATH}/GoogleToolboxForMac.framework",
				"${TARGET_BUILD_DIR}/${FRAMEWORKS_FOLDER_PATH}/SDWebImage.framework",
				"${TARGET_BUILD_DIR}/${FRAMEWORKS_FOLDER_PATH}/leveldb.framework",
				"${TARGET_BUILD_DIR}/${FRAMEWORKS_FOLDER_PATH}/nanopb.framework",
			);
			runOnlyForDeploymentPostprocessing = 0;
			shellPath = /bin/sh;
			shellScript = "\"${SRCROOT}/Pods/Target Support Files/Pods-TapChat/Pods-TapChat-frameworks.sh\"\n";
			showEnvVarsInLog = 0;
		};
/* End PBXShellScriptBuildPhase section */

/* Begin PBXSourcesBuildPhase section */
		B4060FAB20E5B29500724D48 /* Sources */ = {
			isa = PBXSourcesBuildPhase;
			buildActionMask = 2147483647;
			files = (
				B48666E520F229FA00355B68 /* FeedVC.swift in Sources */,
				B454594C20EEA6D300727A12 /* Users.swift in Sources */,
				B454595520EEDC3200727A12 /* StorageService.swift in Sources */,
				B4060FCC20E5B8B400724D48 /* ContainerViewWithShadow.swift in Sources */,
				B48666E920F22E3400355B68 /* roundedShadowViewForCells.swift in Sources */,
				B4060FCA20E5B69600724D48 /* login_RegisterVC.swift in Sources */,
				B454595120EEAB4200727A12 /* homeCell.swift in Sources */,
				B4060FCE20E5BFAD00724D48 /* roundedProfileView.swift in Sources */,
				B454595320EEAE4100727A12 /* newMessageController.swift in Sources */,
				B4060FB320E5B29500724D48 /* AppDelegate.swift in Sources */,
				B454594A20EE8C7A00727A12 /* Constants.swift in Sources */,
				B4060FC820E5B30300724D48 /* homeVC.swift in Sources */,
				B48666EB20F235B400355B68 /* Message.swift in Sources */,
				B48666E720F22E0300355B68 /* messageCell.swift in Sources */,
				B454594620EE894300727A12 /* Dataservice.swift in Sources */,
			);
			runOnlyForDeploymentPostprocessing = 0;
		};
/* End PBXSourcesBuildPhase section */

/* Begin PBXVariantGroup section */
		B4060FB620E5B29500724D48 /* Main.storyboard */ = {
			isa = PBXVariantGroup;
			children = (
				B4060FB720E5B29500724D48 /* Base */,
			);
			name = Main.storyboard;
			sourceTree = "<group>";
		};
		B4060FBB20E5B29700724D48 /* LaunchScreen.storyboard */ = {
			isa = PBXVariantGroup;
			children = (
				B4060FBC20E5B29700724D48 /* Base */,
			);
			name = LaunchScreen.storyboard;
			sourceTree = "<group>";
		};
/* End PBXVariantGroup section */

/* Begin XCBuildConfiguration section */
		B4060FBF20E5B29700724D48 /* Debug */ = {
			isa = XCBuildConfiguration;
			buildSettings = {
				ALWAYS_SEARCH_USER_PATHS = NO;
				CLANG_ANALYZER_NONNULL = YES;
				CLANG_ANALYZER_NUMBER_OBJECT_CONVERSION = YES_AGGRESSIVE;
				CLANG_CXX_LANGUAGE_STANDARD = "gnu++14";
				CLANG_CXX_LIBRARY = "libc++";
				CLANG_ENABLE_MODULES = YES;
				CLANG_ENABLE_OBJC_ARC = YES;
				CLANG_ENABLE_OBJC_WEAK = YES;
				CLANG_WARN_BLOCK_CAPTURE_AUTORELEASING = YES;
				CLANG_WARN_BOOL_CONVERSION = YES;
				CLANG_WARN_COMMA = YES;
				CLANG_WARN_CONSTANT_CONVERSION = YES;
				CLANG_WARN_DEPRECATED_OBJC_IMPLEMENTATIONS = YES;
				CLANG_WARN_DIRECT_OBJC_ISA_USAGE = YES_ERROR;
				CLANG_WARN_DOCUMENTATION_COMMENTS = YES;
				CLANG_WARN_EMPTY_BODY = YES;
				CLANG_WARN_ENUM_CONVERSION = YES;
				CLANG_WARN_INFINITE_RECURSION = YES;
				CLANG_WARN_INT_CONVERSION = YES;
				CLANG_WARN_NON_LITERAL_NULL_CONVERSION = YES;
				CLANG_WARN_OBJC_IMPLICIT_RETAIN_SELF = YES;
				CLANG_WARN_OBJC_LITERAL_CONVERSION = YES;
				CLANG_WARN_OBJC_ROOT_CLASS = YES_ERROR;
				CLANG_WARN_RANGE_LOOP_ANALYSIS = YES;
				CLANG_WARN_STRICT_PROTOTYPES = YES;
				CLANG_WARN_SUSPICIOUS_MOVE = YES;
				CLANG_WARN_UNGUARDED_AVAILABILITY = YES_AGGRESSIVE;
				CLANG_WARN_UNREACHABLE_CODE = YES;
				CLANG_WARN__DUPLICATE_METHOD_MATCH = YES;
				CODE_SIGN_IDENTITY = "iPhone Developer";
				COPY_PHASE_STRIP = NO;
				DEBUG_INFORMATION_FORMAT = dwarf;
				ENABLE_STRICT_OBJC_MSGSEND = YES;
				ENABLE_TESTABILITY = YES;
				GCC_C_LANGUAGE_STANDARD = gnu11;
				GCC_DYNAMIC_NO_PIC = NO;
				GCC_NO_COMMON_BLOCKS = YES;
				GCC_OPTIMIZATION_LEVEL = 0;
				GCC_PREPROCESSOR_DEFINITIONS = (
					"DEBUG=1",
					"$(inherited)",
				);
				GCC_WARN_64_TO_32_BIT_CONVERSION = YES;
				GCC_WARN_ABOUT_RETURN_TYPE = YES_ERROR;
				GCC_WARN_UNDECLARED_SELECTOR = YES;
				GCC_WARN_UNINITIALIZED_AUTOS = YES_AGGRESSIVE;
				GCC_WARN_UNUSED_FUNCTION = YES;
				GCC_WARN_UNUSED_VARIABLE = YES;
				IPHONEOS_DEPLOYMENT_TARGET = 11.4;
				MTL_ENABLE_DEBUG_INFO = YES;
				ONLY_ACTIVE_ARCH = YES;
				SDKROOT = iphoneos;
				SWIFT_ACTIVE_COMPILATION_CONDITIONS = DEBUG;
				SWIFT_OPTIMIZATION_LEVEL = "-Onone";
			};
			name = Debug;
		};
		B4060FC020E5B29700724D48 /* Release */ = {
			isa = XCBuildConfiguration;
			buildSettings = {
				ALWAYS_SEARCH_USER_PATHS = NO;
				CLANG_ANALYZER_NONNULL = YES;
				CLANG_ANALYZER_NUMBER_OBJECT_CONVERSION = YES_AGGRESSIVE;
				CLANG_CXX_LANGUAGE_STANDARD = "gnu++14";
				CLANG_CXX_LIBRARY = "libc++";
				CLANG_ENABLE_MODULES = YES;
				CLANG_ENABLE_OBJC_ARC = YES;
				CLANG_ENABLE_OBJC_WEAK = YES;
				CLANG_WARN_BLOCK_CAPTURE_AUTORELEASING = YES;
				CLANG_WARN_BOOL_CONVERSION = YES;
				CLANG_WARN_COMMA = YES;
				CLANG_WARN_CONSTANT_CONVERSION = YES;
				CLANG_WARN_DEPRECATED_OBJC_IMPLEMENTATIONS = YES;
				CLANG_WARN_DIRECT_OBJC_ISA_USAGE = YES_ERROR;
				CLANG_WARN_DOCUMENTATION_COMMENTS = YES;
				CLANG_WARN_EMPTY_BODY = YES;
				CLANG_WARN_ENUM_CONVERSION = YES;
				CLANG_WARN_INFINITE_RECURSION = YES;
				CLANG_WARN_INT_CONVERSION = YES;
				CLANG_WARN_NON_LITERAL_NULL_CONVERSION = YES;
				CLANG_WARN_OBJC_IMPLICIT_RETAIN_SELF = YES;
				CLANG_WARN_OBJC_LITERAL_CONVERSION = YES;
				CLANG_WARN_OBJC_ROOT_CLASS = YES_ERROR;
				CLANG_WARN_RANGE_LOOP_ANALYSIS = YES;
				CLANG_WARN_STRICT_PROTOTYPES = YES;
				CLANG_WARN_SUSPICIOUS_MOVE = YES;
				CLANG_WARN_UNGUARDED_AVAILABILITY = YES_AGGRESSIVE;
				CLANG_WARN_UNREACHABLE_CODE = YES;
				CLANG_WARN__DUPLICATE_METHOD_MATCH = YES;
				CODE_SIGN_IDENTITY = "iPhone Developer";
				COPY_PHASE_STRIP = NO;
				DEBUG_INFORMATION_FORMAT = "dwarf-with-dsym";
				ENABLE_NS_ASSERTIONS = NO;
				ENABLE_STRICT_OBJC_MSGSEND = YES;
				GCC_C_LANGUAGE_STANDARD = gnu11;
				GCC_NO_COMMON_BLOCKS = YES;
				GCC_WARN_64_TO_32_BIT_CONVERSION = YES;
				GCC_WARN_ABOUT_RETURN_TYPE = YES_ERROR;
				GCC_WARN_UNDECLARED_SELECTOR = YES;
				GCC_WARN_UNINITIALIZED_AUTOS = YES_AGGRESSIVE;
				GCC_WARN_UNUSED_FUNCTION = YES;
				GCC_WARN_UNUSED_VARIABLE = YES;
				IPHONEOS_DEPLOYMENT_TARGET = 11.4;
				MTL_ENABLE_DEBUG_INFO = NO;
				SDKROOT = iphoneos;
				SWIFT_COMPILATION_MODE = wholemodule;
				SWIFT_OPTIMIZATION_LEVEL = "-O";
				VALIDATE_PRODUCT = YES;
			};
			name = Release;
		};
		B4060FC220E5B29700724D48 /* Debug */ = {
			isa = XCBuildConfiguration;
			baseConfigurationReference = 5A570D114C80DEC86F004B45 /* Pods-TapChat.debug.xcconfig */;
			buildSettings = {
				ASSETCATALOG_COMPILER_APPICON_NAME = AppIcon;
				CODE_SIGN_STYLE = Automatic;
				DEVELOPMENT_TEAM = ADP8WRQE72;
				INFOPLIST_FILE = TapChat/Info.plist;
				LD_RUNPATH_SEARCH_PATHS = (
					"$(inherited)",
					"@executable_path/Frameworks",
				);
				PRODUCT_BUNDLE_IDENTIFIER = com.TapChat;
				PRODUCT_NAME = "$(TARGET_NAME)";
				SWIFT_VERSION = 4.0;
				TARGETED_DEVICE_FAMILY = "1,2";
			};
			name = Debug;
		};
		B4060FC320E5B29700724D48 /* Release */ = {
			isa = XCBuildConfiguration;
			baseConfigurationReference = 6CC8B3292996B9A3C565D4BD /* Pods-TapChat.release.xcconfig */;
			buildSettings = {
				ASSETCATALOG_COMPILER_APPICON_NAME = AppIcon;
				CODE_SIGN_STYLE = Automatic;
				DEVELOPMENT_TEAM = ADP8WRQE72;
				INFOPLIST_FILE = TapChat/Info.plist;
				LD_RUNPATH_SEARCH_PATHS = (
					"$(inherited)",
					"@executable_path/Frameworks",
				);
				PRODUCT_BUNDLE_IDENTIFIER = com.TapChat;
				PRODUCT_NAME = "$(TARGET_NAME)";
				SWIFT_VERSION = 4.0;
				TARGETED_DEVICE_FAMILY = "1,2";
			};
			name = Release;
		};
/* End XCBuildConfiguration section */

/* Begin XCConfigurationList section */
		B4060FAA20E5B29500724D48 /* Build configuration list for PBXProject "TapChat" */ = {
			isa = XCConfigurationList;
			buildConfigurations = (
				B4060FBF20E5B29700724D48 /* Debug */,
				B4060FC020E5B29700724D48 /* Release */,
			);
			defaultConfigurationIsVisible = 0;
			defaultConfigurationName = Release;
		};
		B4060FC120E5B29700724D48 /* Build configuration list for PBXNativeTarget "TapChat" */ = {
			isa = XCConfigurationList;
			buildConfigurations = (
				B4060FC220E5B29700724D48 /* Debug */,
				B4060FC320E5B29700724D48 /* Release */,
			);
			defaultConfigurationIsVisible = 0;
			defaultConfigurationName = Release;
		};
/* End XCConfigurationList section */
	};
	rootObject = B4060FA720E5B29500724D48 /* Project object */;
}
